
Microsoft Visual Studio Solution File, Format Version 12.00
# Visual Studio Version 17
VisualStudioVersion = 17.0.32014.148
MinimumVisualStudioVersion = 10.0.40219.1
Project("{FAE04EC0-301F-11D3-BF4B-00C04F79EFBC}") = "TelegramDemo", "TelegramDemo\TelegramDemo.csproj", "{CD88900F-87DE-41D7-86E8-F9962629F7D6}"
EndProject
Global
	GlobalSection(SolutionConfigurationPlatforms) = preSolution
		Debug|Any CPU = Debug|Any CPU
		Release|Any CPU = Release|Any CPU
	EndGlobalSection
	GlobalSection(ProjectConfigurationPlatforms) = postSolution
		{CD88900F-87DE-41D7-86E8-F9962629F7D6}.Debug|Any CPU.ActiveCfg = Debug|Any CPU
		{CD88900F-87DE-41D7-86E8-F9962629F7D6}.Debug|Any CPU.Build.0 = Debug|Any CPU
		{CD88900F-87DE-41D7-86E8-F9962629F7D6}.Release|Any CPU.ActiveCfg = Release|Any CPU
		{CD88900F-87DE-41D7-86E8-F9962629F7D6}.Release|Any CPU.Build.0 = Release|Any CPU
	EndGlobalSection
	GlobalSection(SolutionProperties) = preSolution
		HideSolutionNode = FALSE
	EndGlobalSection
	GlobalSection(ExtensibilityGlobals) = postSolution
		SolutionGuid = {580F9BB3-DF4A-40EB-AE1B-A82A280DB543}
	EndGlobalSection
EndGlobal
